
Microsoft Visual Studio Solution File, Format Version 12.00
# Visual Studio Version 16
VisualStudioVersion = 16.0.32413.511
MinimumVisualStudioVersion = 10.0.40219.1
Project("{8BC9CEB8-8B4A-11D0-8D11-00A0C91BC942}") = "CeasarCrypt", "CeasarCrypt.vcxproj", "{BCC9CCF3-01B5-4771-81AD-5611940364FC}"
EndProject
Global
	GlobalSection(SolutionConfigurationPlatforms) = preSolution
		Debug|x64 = Debug|x64
		Debug|x86 = Debug|x86
		Release|x64 = Release|x64
		Release|x86 = Release|x86
	EndGlobalSection
	GlobalSection(ProjectConfigurationPlatforms) = postSolution
		{BCC9CCF3-01B5-4771-81AD-5611940364FC}.Debug|x64.ActiveCfg = Debug|x64
		{BCC9CCF3-01B5-4771-81AD-5611940364FC}.Debug|x64.Build.0 = Debug|x64
		{BCC9CCF3-01B5-4771-81AD-5611940364FC}.Debug|x86.ActiveCfg = Debug|Win32
		{BCC9CCF3-01B5-4771-81AD-5611940364FC}.Debug|x86.Build.0 = Debug|Win32
		{BCC9CCF3-01B5-4771-81AD-5611940364FC}.Release|x64.ActiveCfg = Release|x64
		{BCC9CCF3-01B5-4771-81AD-5611940364FC}.Release|x64.Build.0 = Release|x64
		{BCC9CCF3-01B5-4771-81AD-5611940364FC}.Release|x86.ActiveCfg = Release|Win32
		{BCC9CCF3-01B5-4771-81AD-5611940364FC}.Release|x86.Build.0 = Release|Win32
	EndGlobalSection
	GlobalSection(SolutionProperties) = preSolution
		HideSolutionNode = FALSE
	EndGlobalSection
	GlobalSection(ExtensibilityGlobals) = postSolution
		SolutionGuid = {A5F64900-BB01-4F0B-86CB-33B9231760C0}
	EndGlobalSection
EndGlobal
